
Microsoft Visual Studio Solution File, Format Version 12.00
# Visual Studio 15
VisualStudioVersion = 15.0.26730.12
MinimumVisualStudioVersion = 10.0.40219.1
Project("{9A19103F-16F7-4668-BE54-9A1E7A4F7556}") = "ObjectTransport", "ObjectTransport\ObjectTransport.csproj", "{050C5519-2C8F-4F8D-BBB6-1D23439B372B}"
EndProject
Project("{2150E333-8FDC-42A3-9474-1A3956D46DE8}") = "Demos", "Demos", "{64660A3D-B48E-4CB7-BA05-125D15D19B26}"
EndProject
Project("{9A19103F-16F7-4668-BE54-9A1E7A4F7556}") = "ObjectTransport.Test", "ObjectTransport.tests\ObjectTransport.Test.csproj", "{4AC2E216-9F30-4B10-AF9F-A620D50268D4}"
EndProject
Project("{9A19103F-16F7-4668-BE54-9A1E7A4F7556}") = "Messenger", "Demos\Messenger\Messenger.csproj", "{4522F2AE-4A9E-4BC8-B117-65F840BBC66C}"
EndProject
Project("{2150E333-8FDC-42A3-9474-1A3956D46DE8}") = "Implementation", "Implementation", "{73435E1E-498B-4E04-B7BD-9B03B9E59839}"
EndProject
Project("{9A19103F-16F7-4668-BE54-9A1E7A4F7556}") = "ObjectTransport.TCP", "Implementation\ObjectTransport.TCP\ObjectTransport.TCP.csproj", "{2C9790A6-D016-415C-B2AD-3F3AC0FFB53E}"
EndProject
Project("{9A19103F-16F7-4668-BE54-9A1E7A4F7556}") = "ObjectTransport.UDP", "Implementation\ObjectTransport.UDP\ObjectTransport.UDP.csproj", "{4F86BC9F-6557-41AA-B831-927ED23E03D5}"
EndProject
Project("{9A19103F-16F7-4668-BE54-9A1E7A4F7556}") = "ObjectTransport.JSON", "Implementation\ObjectTransport.Serializer.JSON\ObjectTransport.JSON.csproj", "{4E0C0A18-9DA4-4FAE-B11D-1C074DDC8CE0}"
EndProject
Project("{9A19103F-16F7-4668-BE54-9A1E7A4F7556}") = "ObjectTransport.Protobuf", "Implementation\ObjectTransport.Serializer.protobuf\ObjectTransport.Protobuf.csproj", "{515213C7-7358-4E13-B1B1-B60BA6C2EB21}"
EndProject
Global
	GlobalSection(SolutionConfigurationPlatforms) = preSolution
		Debug|Any CPU = Debug|Any CPU
		Release|Any CPU = Release|Any CPU
	EndGlobalSection
	GlobalSection(ProjectConfigurationPlatforms) = postSolution
		{050C5519-2C8F-4F8D-BBB6-1D23439B372B}.Debug|Any CPU.ActiveCfg = Debug|Any CPU
		{050C5519-2C8F-4F8D-BBB6-1D23439B372B}.Debug|Any CPU.Build.0 = Debug|Any CPU
		{050C5519-2C8F-4F8D-BBB6-1D23439B372B}.Release|Any CPU.ActiveCfg = Release|Any CPU
		{050C5519-2C8F-4F8D-BBB6-1D23439B372B}.Release|Any CPU.Build.0 = Release|Any CPU
		{4AC2E216-9F30-4B10-AF9F-A620D50268D4}.Debug|Any CPU.ActiveCfg = Debug|Any CPU
		{4AC2E216-9F30-4B10-AF9F-A620D50268D4}.Debug|Any CPU.Build.0 = Debug|Any CPU
		{4AC2E216-9F30-4B10-AF9F-A620D50268D4}.Release|Any CPU.ActiveCfg = Release|Any CPU
		{4AC2E216-9F30-4B10-AF9F-A620D50268D4}.Release|Any CPU.Build.0 = Release|Any CPU
		{4522F2AE-4A9E-4BC8-B117-65F840BBC66C}.Debug|Any CPU.ActiveCfg = Debug|Any CPU
		{4522F2AE-4A9E-4BC8-B117-65F840BBC66C}.Debug|Any CPU.Build.0 = Debug|Any CPU
		{4522F2AE-4A9E-4BC8-B117-65F840BBC66C}.Release|Any CPU.ActiveCfg = Release|Any CPU
		{4522F2AE-4A9E-4BC8-B117-65F840BBC66C}.Release|Any CPU.Build.0 = Release|Any CPU
		{2C9790A6-D016-415C-B2AD-3F3AC0FFB53E}.Debug|Any CPU.ActiveCfg = Debug|Any CPU
		{2C9790A6-D016-415C-B2AD-3F3AC0FFB53E}.Debug|Any CPU.Build.0 = Debug|Any CPU
		{2C9790A6-D016-415C-B2AD-3F3AC0FFB53E}.Release|Any CPU.ActiveCfg = Release|Any CPU
		{2C9790A6-D016-415C-B2AD-3F3AC0FFB53E}.Release|Any CPU.Build.0 = Release|Any CPU
		{4F86BC9F-6557-41AA-B831-927ED23E03D5}.Debug|Any CPU.ActiveCfg = Debug|Any CPU
		{4F86BC9F-6557-41AA-B831-927ED23E03D5}.Debug|Any CPU.Build.0 = Debug|Any CPU
		{4F86BC9F-6557-41AA-B831-927ED23E03D5}.Release|Any CPU.ActiveCfg = Release|Any CPU
		{4F86BC9F-6557-41AA-B831-927ED23E03D5}.Release|Any CPU.Build.0 = Release|Any CPU
		{4E0C0A18-9DA4-4FAE-B11D-1C074DDC8CE0}.Debug|Any CPU.ActiveCfg = Debug|Any CPU
		{4E0C0A18-9DA4-4FAE-B11D-1C074DDC8CE0}.Debug|Any CPU.Build.0 = Debug|Any CPU
		{4E0C0A18-9DA4-4FAE-B11D-1C074DDC8CE0}.Release|Any CPU.ActiveCfg = Release|Any CPU
		{4E0C0A18-9DA4-4FAE-B11D-1C074DDC8CE0}.Release|Any CPU.Build.0 = Release|Any CPU
		{515213C7-7358-4E13-B1B1-B60BA6C2EB21}.Debug|Any CPU.ActiveCfg = Debug|Any CPU
		{515213C7-7358-4E13-B1B1-B60BA6C2EB21}.Debug|Any CPU.Build.0 = Debug|Any CPU
		{515213C7-7358-4E13-B1B1-B60BA6C2EB21}.Release|Any CPU.ActiveCfg = Release|Any CPU
		{515213C7-7358-4E13-B1B1-B60BA6C2EB21}.Release|Any CPU.Build.0 = Release|Any CPU
	EndGlobalSection
	GlobalSection(SolutionProperties) = preSolution
		HideSolutionNode = FALSE
	EndGlobalSection
	GlobalSection(NestedProjects) = preSolution
		{4522F2AE-4A9E-4BC8-B117-65F840BBC66C} = {64660A3D-B48E-4CB7-BA05-125D15D19B26}
		{2C9790A6-D016-415C-B2AD-3F3AC0FFB53E} = {73435E1E-498B-4E04-B7BD-9B03B9E59839}
		{4F86BC9F-6557-41AA-B831-927ED23E03D5} = {73435E1E-498B-4E04-B7BD-9B03B9E59839}
		{4E0C0A18-9DA4-4FAE-B11D-1C074DDC8CE0} = {73435E1E-498B-4E04-B7BD-9B03B9E59839}
		{515213C7-7358-4E13-B1B1-B60BA6C2EB21} = {73435E1E-498B-4E04-B7BD-9B03B9E59839}
	EndGlobalSection
	GlobalSection(ExtensibilityGlobals) = postSolution
		SolutionGuid = {72829232-B072-42DE-A6EE-57F7557CFF03}
	EndGlobalSection
EndGlobal
